
Microsoft Visual Studio Solution File, Format Version 12.00
# Visual Studio Version 16
VisualStudioVersion = 16.0.31321.278
MinimumVisualStudioVersion = 10.0.40219.1
Project("{00D1A9C2-B5F0-4AF3-8072-F6C62B433612}") = "ProjectSQl", "ProjectSQl\ProjectSQl.sqlproj", "{5C388CB1-B714-4CA0-AD1B-3D8C04C39266}"
EndProject
Global
	GlobalSection(SolutionConfigurationPlatforms) = preSolution
		Debug|Any CPU = Debug|Any CPU
		Release|Any CPU = Release|Any CPU
	EndGlobalSection
	GlobalSection(ProjectConfigurationPlatforms) = postSolution
		{5C388CB1-B714-4CA0-AD1B-3D8C04C39266}.Debug|Any CPU.ActiveCfg = Debug|Any CPU
		{5C388CB1-B714-4CA0-AD1B-3D8C04C39266}.Debug|Any CPU.Build.0 = Debug|Any CPU
		{5C388CB1-B714-4CA0-AD1B-3D8C04C39266}.Debug|Any CPU.Deploy.0 = Debug|Any CPU
		{5C388CB1-B714-4CA0-AD1B-3D8C04C39266}.Release|Any CPU.ActiveCfg = Release|Any CPU
		{5C388CB1-B714-4CA0-AD1B-3D8C04C39266}.Release|Any CPU.Build.0 = Release|Any CPU
		{5C388CB1-B714-4CA0-AD1B-3D8C04C39266}.Release|Any CPU.Deploy.0 = Release|Any CPU
	EndGlobalSection
	GlobalSection(SolutionProperties) = preSolution
		HideSolutionNode = FALSE
	EndGlobalSection
	GlobalSection(ExtensibilityGlobals) = postSolution
		SolutionGuid = {8BB4CB2A-943F-4397-922A-35C791CEB4A3}
	EndGlobalSection
EndGlobal
